// !$*UTF8*$!
{
	archiveVersion = 1;
	classes = {
	};
	objectVersion = 46;
	objects = {

/* Begin PBXBuildFile section */
		59F415EC1D77D34E00025447 /* main.m in Sources */ = {isa = PBXBuildFile; fileRef = 59F415EB1D77D34E00025447 /* main.m */; };
		59F415EF1D77D34E00025447 /* AppDelegate.m in Sources */ = {isa = PBXBuildFile; fileRef = 59F415EE1D77D34E00025447 /* AppDelegate.m */; };
		59F415F21D77D34E00025447 /* ViewController.m in Sources */ = {isa = PBXBuildFile; fileRef = 59F415F11D77D34E00025447 /* ViewController.m */; };
		59F415F51D77D34E00025447 /* Main.storyboard in Resources */ = {isa = PBXBuildFile; fileRef = 59F415F31D77D34E00025447 /* Main.storyboard */; };
		59F415F71D77D34F00025447 /* Assets.xcassets in Resources */ = {isa = PBXBuildFile; fileRef = 59F415F61D77D34F00025447 /* Assets.xcassets */; };
		59F415FA1D77D34F00025447 /* LaunchScreen.storyboard in Resources */ = {isa = PBXBuildFile; fileRef = 59F415F81D77D34F00025447 /* LaunchScreen.storyboard */; };
		59F416051D77D34F00025447 /* Tap_MeTests.m in Sources */ = {isa = PBXBuildFile; fileRef = 59F416041D77D34F00025447 /* Tap_MeTests.m */; };
		59F416101D77D34F00025447 /* Tap_MeUITests.m in Sources */ = {isa = PBXBuildFile; fileRef = 59F4160F1D77D34F00025447 /* Tap_MeUITests.m */; };
/* End PBXBuildFile section */

/* Begin PBXContainerItemProxy section */
		59F416011D77D34F00025447 /* PBXContainerItemProxy */ = {
			isa = PBXContainerItemProxy;
			containerPortal = 59F415DF1D77D34E00025447 /* Project object */;
			proxyType = 1;
			remoteGlobalIDString = 59F415E61D77D34E00025447;
			remoteInfo = "Tap Me";
		};
		59F4160C1D77D34F00025447 /* PBXContainerItemProxy */ = {
			isa = PBXContainerItemProxy;
			containerPortal = 59F415DF1D77D34E00025447 /* Project object */;
			proxyType = 1;
			remoteGlobalIDString = 59F415E61D77D34E00025447;
			remoteInfo = "Tap Me";
		};
/* End PBXContainerItemProxy section */

/* Begin PBXFileReference section */
		59F415E71D77D34E00025447 /* Tap Me.app */ = {isa = PBXFileReference; explicitFileType = wrapper.application; includeInIndex = 0; path = "Tap Me.app"; sourceTree = BUILT_PRODUCTS_DIR; };
		59F415EB1D77D34E00025447 /* main.m */ = {isa = PBXFileReference; lastKnownFileType = sourcecode.c.objc; path = main.m; sourceTree = "<group>"; };
		59F415ED1D77D34E00025447 /* AppDelegate.h */ = {isa = PBXFileReference; lastKnownFileType = sourcecode.c.h; path = AppDelegate.h; sourceTree = "<group>"; };
		59F415EE1D77D34E00025447 /* AppDelegate.m */ = {isa = PBXFileReference; lastKnownFileType = sourcecode.c.objc; path = AppDelegate.m; sourceTree = "<group>"; };
		59F415F01D77D34E00025447 /* ViewController.h */ = {isa = PBXFileReference; lastKnownFileType = sourcecode.c.h; path = ViewController.h; sourceTree = "<group>"; };
		59F415F11D77D34E00025447 /* ViewController.m */ = {isa = PBXFileReference; lastKnownFileType = sourcecode.c.objc; path = ViewController.m; sourceTree = "<group>"; };
		59F415F41D77D34E00025447 /* Base */ = {isa = PBXFileReference; lastKnownFileType = file.storyboard; name = Base; path = Base.lproj/Main.storyboard; sourceTree = "<group>"; };
		59F415F61D77D34F00025447 /* Assets.xcassets */ = {isa = PBXFileReference; lastKnownFileType = folder.assetcatalog; path = Assets.xcassets; sourceTree = "<group>"; };
		59F415F91D77D34F00025447 /* Base */ = {isa = PBXFileReference; lastKnownFileType = file.storyboard; name = Base; path = Base.lproj/LaunchScreen.storyboard; sourceTree = "<group>"; };
		59F415FB1D77D34F00025447 /* Info.plist */ = {isa = PBXFileReference; lastKnownFileType = text.plist.xml; path = Info.plist; sourceTree = "<group>"; };
		59F416001D77D34F00025447 /* Tap MeTests.xctest */ = {isa = PBXFileReference; explicitFileType = wrapper.cfbundle; includeInIndex = 0; path = "Tap MeTests.xctest"; sourceTree = BUILT_PRODUCTS_DIR; };
		59F416041D77D34F00025447 /* Tap_MeTests.m */ = {isa = PBXFileReference; lastKnownFileType = sourcecode.c.objc; path = Tap_MeTests.m; sourceTree = "<group>"; };
		59F416061D77D34F00025447 /* Info.plist */ = {isa = PBXFileReference; lastKnownFileType = text.plist.xml; path = Info.plist; sourceTree = "<group>"; };
		59F4160B1D77D34F00025447 /* Tap MeUITests.xctest */ = {isa = PBXFileReference; explicitFileType = wrapper.cfbundle; includeInIndex = 0; path = "Tap MeUITests.xctest"; sourceTree = BUILT_PRODUCTS_DIR; };
		59F4160F1D77D34F00025447 /* Tap_MeUITests.m */ = {isa = PBXFileReference; lastKnownFileType = sourcecode.c.objc; path = Tap_MeUITests.m; sourceTree = "<group>"; };
		59F416111D77D34F00025447 /* Info.plist */ = {isa = PBXFileReference; lastKnownFileType = text.plist.xml; path = Info.plist; sourceTree = "<group>"; };
/* End PBXFileReference section */

/* Begin PBXFrameworksBuildPhase section */
		59F415E41D77D34E00025447 /* Frameworks */ = {
			isa = PBXFrameworksBuildPhase;
			buildActionMask = 2147483647;
			files = (
			);
			runOnlyForDeploymentPostprocessing = 0;
		};
		59F415FD1D77D34F00025447 /* Frameworks */ = {
			isa = PBXFrameworksBuildPhase;
			buildActionMask = 2147483647;
			files = (
			);
			runOnlyForDeploymentPostprocessing = 0;
		};
		59F416081D77D34F00025447 /* Frameworks */ = {
			isa = PBXFrameworksBuildPhase;
			buildActionMask = 2147483647;
			files = (
			);
			runOnlyForDeploymentPostprocessing = 0;
		};
/* End PBXFrameworksBuildPhase section */

/* Begin PBXGroup section */
		59F415DE1D77D34E00025447 = {
			isa = PBXGroup;
			children = (
				59F415E91D77D34E00025447 /* Tap Me */,
				59F416031D77D34F00025447 /* Tap MeTests */,
				59F4160E1D77D34F00025447 /* Tap MeUITests */,
				59F415E81D77D34E00025447 /* Products */,
			);
			sourceTree = "<group>";
		};
		59F415E81D77D34E00025447 /* Products */ = {
			isa = PBXGroup;
			children = (
				59F415E71D77D34E00025447 /* Tap Me.app */,
				59F416001D77D34F00025447 /* Tap MeTests.xctest */,
				59F4160B1D77D34F00025447 /* Tap MeUITests.xctest */,
			);
			name = Products;
			sourceTree = "<group>";
		};
		59F415E91D77D34E00025447 /* Tap Me */ = {
			isa = PBXGroup;
			children = (
				59F415ED1D77D34E00025447 /* AppDelegate.h */,
				59F415EE1D77D34E00025447 /* AppDelegate.m */,
				59F415F01D77D34E00025447 /* ViewController.h */,
				59F415F11D77D34E00025447 /* ViewController.m */,
				59F415F31D77D34E00025447 /* Main.storyboard */,
				59F415F61D77D34F00025447 /* Assets.xcassets */,
				59F415F81D77D34F00025447 /* LaunchScreen.storyboard */,
				59F415FB1D77D34F00025447 /* Info.plist */,
				59F415EA1D77D34E00025447 /* Supporting Files */,
			);
			path = "Tap Me";
			sourceTree = "<group>";
		};
		59F415EA1D77D34E00025447 /* Supporting Files */ = {
			isa = PBXGroup;
			children = (
				59F415EB1D77D34E00025447 /* main.m */,
			);
			name = "Supporting Files";
			sourceTree = "<group>";
		};
		59F416031D77D34F00025447 /* Tap MeTests */ = {
			isa = PBXGroup;
			children = (
				59F416041D77D34F00025447 /* Tap_MeTests.m */,
				59F416061D77D34F00025447 /* Info.plist */,
			);
			path = "Tap MeTests";
			sourceTree = "<group>";
		};
		59F4160E1D77D34F00025447 /* Tap MeUITests */ = {
			isa = PBXGroup;
			children = (
				59F4160F1D77D34F00025447 /* Tap_MeUITests.m */,
				59F416111D77D34F00025447 /* Info.plist */,
			);
			path = "Tap MeUITests";
			sourceTree = "<group>";
		};
/* End PBXGroup section */

/* Begin PBXNativeTarget section */
		59F415E61D77D34E00025447 /* Tap Me */ = {
			isa = PBXNativeTarget;
			buildConfigurationList = 59F416141D77D34F00025447 /* Build configuration list for PBXNativeTarget "Tap Me" */;
			buildPhases = (
				59F415E31D77D34E00025447 /* Sources */,
				59F415E41D77D34E00025447 /* Frameworks */,
				59F415E51D77D34E00025447 /* Resources */,
			);
			buildRules = (
			);
			dependencies = (
			);
			name = "Tap Me";
			productName = "Tap Me";
			productReference = 59F415E71D77D34E00025447 /* Tap Me.app */;
			productType = "com.apple.product-type.application";
		};
		59F415FF1D77D34F00025447 /* Tap MeTests */ = {
			isa = PBXNativeTarget;
			buildConfigurationList = 59F416171D77D34F00025447 /* Build configuration list for PBXNativeTarget "Tap MeTests" */;
			buildPhases = (
				59F415FC1D77D34F00025447 /* Sources */,
				59F415FD1D77D34F00025447 /* Frameworks */,
				59F415FE1D77D34F00025447 /* Resources */,
			);
			buildRules = (
			);
			dependencies = (
				59F416021D77D34F00025447 /* PBXTargetDependency */,
			);
			name = "Tap MeTests";
			productName = "Tap MeTests";
			productReference = 59F416001D77D34F00025447 /* Tap MeTests.xctest */;
			productType = "com.apple.product-type.bundle.unit-test";
		};
		59F4160A1D77D34F00025447 /* Tap MeUITests */ = {
			isa = PBXNativeTarget;
			buildConfigurationList = 59F4161A1D77D34F00025447 /* Build configuration list for PBXNativeTarget "Tap MeUITests" */;
			buildPhases = (
				59F416071D77D34F00025447 /* Sources */,
				59F416081D77D34F00025447 /* Frameworks */,
				59F416091D77D34F00025447 /* Resources */,
			);
			buildRules = (
			);
			dependencies = (
				59F4160D1D77D34F00025447 /* PBXTargetDependency */,
			);
			name = "Tap MeUITests";
			productName = "Tap MeUITests";
			productReference = 59F4160B1D77D34F00025447 /* Tap MeUITests.xctest */;
			productType = "com.apple.product-type.bundle.ui-testing";
		};
/* End PBXNativeTarget section */

/* Begin PBXProject section */
		59F415DF1D77D34E00025447 /* Project object */ = {
			isa = PBXProject;
			attributes = {
				LastUpgradeCheck = 0700;
				ORGANIZATIONNAME = "Shirong Zheng";
				TargetAttributes = {
					59F415E61D77D34E00025447 = {
						CreatedOnToolsVersion = 7.0.1;
					};
					59F415FF1D77D34F00025447 = {
						CreatedOnToolsVersion = 7.0.1;
						TestTargetID = 59F415E61D77D34E00025447;
					};
					59F4160A1D77D34F00025447 = {
						CreatedOnToolsVersion = 7.0.1;
						TestTargetID = 59F415E61D77D34E00025447;
					};
				};
			};
			buildConfigurationList = 59F415E21D77D34E00025447 /* Build configuration list for PBXProject "Tap Me" */;
			compatibilityVersion = "Xcode 3.2";
			developmentRegion = English;
			hasScannedForEncodings = 0;
			knownRegions = (
				en,
				Base,
			);
			mainGroup = 59F415DE1D77D34E00025447;
			productRefGroup = 59F415E81D77D34E00025447 /* Products */;
			projectDirPath = "";
			projectRoot = "";
			targets = (
				59F415E61D77D34E00025447 /* Tap Me */,
				59F415FF1D77D34F00025447 /* Tap MeTests */,
				59F4160A1D77D34F00025447 /* Tap MeUITests */,
			);
		};
/* End PBXProject section */

/* Begin PBXResourcesBuildPhase section */
		59F415E51D77D34E00025447 /* Resources */ = {
			isa = PBXResourcesBuildPhase;
			buildActionMask = 2147483647;
			files = (
				59F415FA1D77D34F00025447 /* LaunchScreen.storyboard in Resources */,
				59F415F71D77D34F00025447 /* Assets.xcassets in Resources */,
				59F415F51D77D34E00025447 /* Main.storyboard in Resources */,
			);
			runOnlyForDeploymentPostprocessing = 0;
		};
		59F415FE1D77D34F00025447 /* Resources */ = {
			isa = PBXResourcesBuildPhase;
			buildActionMask = 2147483647;
			files = (
			);
			runOnlyForDeploymentPostprocessing = 0;
		};
		59F416091D77D34F00025447 /* Resources */ = {
			isa = PBXResourcesBuildPhase;
			buildActionMask = 2147483647;
			files = (
			);
			runOnlyForDeploymentPostprocessing = 0;
		};
/* End PBXResourcesBuildPhase section */

/* Begin PBXSourcesBuildPhase section */
		59F415E31D77D34E00025447 /* Sources */ = {
			isa = PBXSourcesBuildPhase;
			buildActionMask = 2147483647;
			files = (
				59F415F21D77D34E00025447 /* ViewController.m in Sources */,
				59F415EF1D77D34E00025447 /* AppDelegate.m in Sources */,
				59F415EC1D77D34E00025447 /* main.m in Sources */,
			);
			runOnlyForDeploymentPostprocessing = 0;
		};
		59F415FC1D77D34F00025447 /* Sources */ = {
			isa = PBXSourcesBuildPhase;
			buildActionMask = 2147483647;
			files = (
				59F416051D77D34F00025447 /* Tap_MeTests.m in Sources */,
			);
			runOnlyForDeploymentPostprocessing = 0;
		};
		59F416071D77D34F00025447 /* Sources */ = {
			isa = PBXSourcesBuildPhase;
			buildActionMask = 2147483647;
			files = (
				59F416101D77D34F00025447 /* Tap_MeUITests.m in Sources */,
			);
			runOnlyForDeploymentPostprocessing = 0;
		};
/* End PBXSourcesBuildPhase section */

/* Begin PBXTargetDependency section */
		59F416021D77D34F00025447 /* PBXTargetDependency */ = {
			isa = PBXTargetDependency;
			target = 59F415E61D77D34E00025447 /* Tap Me */;
			targetProxy = 59F416011D77D34F00025447 /* PBXContainerItemProxy */;
		};
		59F4160D1D77D34F00025447 /* PBXTargetDependency */ = {
			isa = PBXTargetDependency;
			target = 59F415E61D77D34E00025447 /* Tap Me */;
			targetProxy = 59F4160C1D77D34F00025447 /* PBXContainerItemProxy */;
		};
/* End PBXTargetDependency section */

/* Begin PBXVariantGroup section */
		59F415F31D77D34E00025447 /* Main.storyboard */ = {
			isa = PBXVariantGroup;
			children = (
				59F415F41D77D34E00025447 /* Base */,
			);
			name = Main.storyboard;
			sourceTree = "<group>";
		};
		59F415F81D77D34F00025447 /* LaunchScreen.storyboard */ = {
			isa = PBXVariantGroup;
			children = (
				59F415F91D77D34F00025447 /* Base */,
			);
			name = LaunchScreen.storyboard;
			sourceTree = "<group>";
		};
/* End PBXVariantGroup section */

/* Begin XCBuildConfiguration section */
		59F416121D77D34F00025447 /* Debug */ = {
			isa = XCBuildConfiguration;
			buildSettings = {
				ALWAYS_SEARCH_USER_PATHS = NO;
				CLANG_CXX_LANGUAGE_STANDARD = "gnu++0x";
				CLANG_CXX_LIBRARY = "libc++";
				CLANG_ENABLE_MODULES = YES;
				CLANG_ENABLE_OBJC_ARC = YES;
				CLANG_WARN_BOOL_CONVERSION = YES;
				CLANG_WARN_CONSTANT_CONVERSION = YES;
				CLANG_WARN_DIRECT_OBJC_ISA_USAGE = YES_ERROR;
				CLANG_WARN_EMPTY_BODY = YES;
				CLANG_WARN_ENUM_CONVERSION = YES;
				CLANG_WARN_INT_CONVERSION = YES;
				CLANG_WARN_OBJC_ROOT_CLASS = YES_ERROR;
				CLANG_WARN_UNREACHABLE_CODE = YES;
				CLANG_WARN__DUPLICATE_METHOD_MATCH = YES;
				"CODE_SIGN_IDENTITY[sdk=iphoneos*]" = "iPhone Developer";
				COPY_PHASE_STRIP = NO;
				DEBUG_INFORMATION_FORMAT = dwarf;
				ENABLE_STRICT_OBJC_MSGSEND = YES;
				ENABLE_TESTABILITY = YES;
				GCC_C_LANGUAGE_STANDARD = gnu99;
				GCC_DYNAMIC_NO_PIC = NO;
				GCC_NO_COMMON_BLOCKS = YES;
				GCC_OPTIMIZATION_LEVEL = 0;
				GCC_PREPROCESSOR_DEFINITIONS = (
					"DEBUG=1",
					"$(inherited)",
				);
				GCC_WARN_64_TO_32_BIT_CONVERSION = YES;
				GCC_WARN_ABOUT_RETURN_TYPE = YES_ERROR;
				GCC_WARN_UNDECLARED_SELECTOR = YES;
				GCC_WARN_UNINITIALIZED_AUTOS = YES_AGGRESSIVE;
				GCC_WARN_UNUSED_FUNCTION = YES;
				GCC_WARN_UNUSED_VARIABLE = YES;
				IPHONEOS_DEPLOYMENT_TARGET = 9.0;
				MTL_ENABLE_DEBUG_INFO = YES;
				ONLY_ACTIVE_ARCH = YES;
				SDKROOT = iphoneos;
				TARGETED_DEVICE_FAMILY = "1,2";
			};
			name = Debug;
		};
		59F416131D77D34F00025447 /* Release */ = {
			isa = XCBuildConfiguration;
			buildSettings = {
				ALWAYS_SEARCH_USER_PATHS = NO;
				CLANG_CXX_LANGUAGE_STANDARD = "gnu++0x";
				CLANG_CXX_LIBRARY = "libc++";
				CLANG_ENABLE_MODULES = YES;
				CLANG_ENABLE_OBJC_ARC = YES;
				CLANG_WARN_BOOL_CONVERSION = YES;
				CLANG_WARN_CONSTANT_CONVERSION = YES;
				CLANG_WARN_DIRECT_OBJC_ISA_USAGE = YES_ERROR;
				CLANG_WARN_EMPTY_BODY = YES;
				CLANG_WARN_ENUM_CONVERSION = YES;
				CLANG_WARN_INT_CONVERSION = YES;
				CLANG_WARN_OBJC_ROOT_CLASS = YES_ERROR;
				CLANG_WARN_UNREACHABLE_CODE = YES;
				CLANG_WARN__DUPLICATE_METHOD_MATCH = YES;
				"CODE_SIGN_IDENTITY[sdk=iphoneos*]" = "iPhone Developer";
				COPY_PHASE_STRIP = NO;
				DEBUG_INFORMATION_FORMAT = "dwarf-with-dsym";
				ENABLE_NS_ASSERTIONS = NO;
				ENABLE_STRICT_OBJC_MSGSEND = YES;
				GCC_C_LANGUAGE_STANDARD = gnu99;
				GCC_NO_COMMON_BLOCKS = YES;
				GCC_WARN_64_TO_32_BIT_CONVERSION = YES;
				GCC_WARN_ABOUT_RETURN_TYPE = YES_ERROR;
				GCC_WARN_UNDECLARED_SELECTOR = YES;
				GCC_WARN_UNINITIALIZED_AUTOS = YES_AGGRESSIVE;
				GCC_WARN_UNUSED_FUNCTION = YES;
				GCC_WARN_UNUSED_VARIABLE = YES;
				IPHONEOS_DEPLOYMENT_TARGET = 9.0;
				MTL_ENABLE_DEBUG_INFO = NO;
				SDKROOT = iphoneos;
				TARGETED_DEVICE_FAMILY = "1,2";
				VALIDATE_PRODUCT = YES;
			};
			name = Release;
		};
		59F416151D77D34F00025447 /* Debug */ = {
			isa = XCBuildConfiguration;
			buildSettings = {
				ASSETCATALOG_COMPILER_APPICON_NAME = AppIcon;
				INFOPLIST_FILE = "Tap Me/Info.plist";
				LD_RUNPATH_SEARCH_PATHS = "$(inherited) @executable_path/Frameworks";
				PRODUCT_BUNDLE_IDENTIFIER = "SZ.Tap-Me";
				PRODUCT_NAME = "$(TARGET_NAME)";
			};
			name = Debug;
		};
		59F416161D77D34F00025447 /* Release */ = {
			isa = XCBuildConfiguration;
			buildSettings = {
				ASSETCATALOG_COMPILER_APPICON_NAME = AppIcon;
				INFOPLIST_FILE = "Tap Me/Info.plist";
				LD_RUNPATH_SEARCH_PATHS = "$(inherited) @executable_path/Frameworks";
				PRODUCT_BUNDLE_IDENTIFIER = "SZ.Tap-Me";
				PRODUCT_NAME = "$(TARGET_NAME)";
			};
			name = Release;
		};
		59F416181D77D34F00025447 /* Debug */ = {
			isa = XCBuildConfiguration;
			buildSettings = {
				BUNDLE_LOADER = "$(TEST_HOST)";
				INFOPLIST_FILE = "Tap MeTests/Info.plist";
				LD_RUNPATH_SEARCH_PATHS = "$(inherited) @executable_path/Frameworks @loader_path/Frameworks";
				PRODUCT_BUNDLE_IDENTIFIER = "SZ.Tap-MeTests";
				PRODUCT_NAME = "$(TARGET_NAME)";
				TEST_HOST = "$(BUILT_PRODUCTS_DIR)/Tap Me.app/Tap Me";
			};
			name = Debug;
		};
		59F416191D77D34F00025447 /* Release */ = {
			isa = XCBuildConfiguration;
			buildSettings = {
				BUNDLE_LOADER = "$(TEST_HOST)";
				INFOPLIST_FILE = "Tap MeTests/Info.plist";
				LD_RUNPATH_SEARCH_PATHS = "$(inherited) @executable_path/Frameworks @loader_path/Frameworks";
				PRODUCT_BUNDLE_IDENTIFIER = "SZ.Tap-MeTests";
				PRODUCT_NAME = "$(TARGET_NAME)";
				TEST_HOST = "$(BUILT_PRODUCTS_DIR)/Tap Me.app/Tap Me";
			};
			name = Release;
		};
		59F4161B1D77D34F00025447 /* Debug */ = {
			isa = XCBuildConfiguration;
			buildSettings = {
				INFOPLIST_FILE = "Tap MeUITests/Info.plist";
				LD_RUNPATH_SEARCH_PATHS = "$(inherited) @executable_path/Frameworks @loader_path/Frameworks";
				PRODUCT_BUNDLE_IDENTIFIER = "SZ.Tap-MeUITests";
				PRODUCT_NAME = "$(TARGET_NAME)";
				TEST_TARGET_NAME = "Tap Me";
				USES_XCTRUNNER = YES;
			};
			name = Debug;
		};
		59F4161C1D77D34F00025447 /* Release */ = {
			isa = XCBuildConfiguration;
			buildSettings = {
				INFOPLIST_FILE = "Tap MeUITests/Info.plist";
				LD_RUNPATH_SEARCH_PATHS = "$(inherited) @executable_path/Frameworks @loader_path/Frameworks";
				PRODUCT_BUNDLE_IDENTIFIER = "SZ.Tap-MeUITests";
				PRODUCT_NAME = "$(TARGET_NAME)";
				TEST_TARGET_NAME = "Tap Me";
				USES_XCTRUNNER = YES;
			};
			name = Release;
		};
/* End XCBuildConfiguration section */

/* Begin XCConfigurationList section */
		59F415E21D77D34E00025447 /* Build configuration list for PBXProject "Tap Me" */ = {
			isa = XCConfigurationList;
			buildConfigurations = (
				59F416121D77D34F00025447 /* Debug */,
				59F416131D77D34F00025447 /* Release */,
			);
			defaultConfigurationIsVisible = 0;
			defaultConfigurationName = Release;
		};
		59F416141D77D34F00025447 /* Build configuration list for PBXNativeTarget "Tap Me" */ = {
			isa = XCConfigurationList;
			buildConfigurations = (
				59F416151D77D34F00025447 /* Debug */,
				59F416161D77D34F00025447 /* Release */,
			);
			defaultConfigurationIsVisible = 0;
			defaultConfigurationName = Release;
		};
		59F416171D77D34F00025447 /* Build configuration list for PBXNativeTarget "Tap MeTests" */ = {
			isa = XCConfigurationList;
			buildConfigurations = (
				59F416181D77D34F00025447 /* Debug */,
				59F416191D77D34F00025447 /* Release */,
			);
			defaultConfigurationIsVisible = 0;
			defaultConfigurationName = Release;
		};
		59F4161A1D77D34F00025447 /* Build configuration list for PBXNativeTarget "Tap MeUITests" */ = {
			isa = XCConfigurationList;
			buildConfigurations = (
				59F4161B1D77D34F00025447 /* Debug */,
				59F4161C1D77D34F00025447 /* Release */,
			);
			defaultConfigurationIsVisible = 0;
			defaultConfigurationName = Release;
		};
/* End XCConfigurationList section */
	};
	rootObject = 59F415DF1D77D34E00025447 /* Project object */;
}
